
Microsoft Visual Studio Solution File, Format Version 12.00
# Visual Studio 2013
VisualStudioVersion = 12.0.30501.0
MinimumVisualStudioVersion = 10.0.40219.1
Project("{FAE04EC0-301F-11D3-BF4B-00C04F79EFBC}") = "Mp3_to_WaV Converter", "Mp3_to_WaV Converter\Mp3_to_WaV Converter.csproj", "{733D7A39-8EDE-40A0-82AB-10065A5E7739}"
EndProject
Global
	GlobalSection(SolutionConfigurationPlatforms) = preSolution
		Debug|Any CPU = Debug|Any CPU
		Release|Any CPU = Release|Any CPU
	EndGlobalSection
	GlobalSection(ProjectConfigurationPlatforms) = postSolution
		{733D7A39-8EDE-40A0-82AB-10065A5E7739}.Debug|Any CPU.ActiveCfg = Debug|Any CPU
		{733D7A39-8EDE-40A0-82AB-10065A5E7739}.Debug|Any CPU.Build.0 = Debug|Any CPU
		{733D7A39-8EDE-40A0-82AB-10065A5E7739}.Release|Any CPU.ActiveCfg = Release|Any CPU
		{733D7A39-8EDE-40A0-82AB-10065A5E7739}.Release|Any CPU.Build.0 = Release|Any CPU
	EndGlobalSection
	GlobalSection(SolutionProperties) = preSolution
		HideSolutionNode = FALSE
	EndGlobalSection
EndGlobal
